{
  "version": "3",
  "packages": {
    "specifiers": {
      "jsr:@std/assert@^0.218.2": "jsr:@std/assert@0.218.2",
      "jsr:@std/fmt@^0.218.2": "jsr:@std/fmt@0.218.2",
      "jsr:@std/yaml@^0.218.2": "jsr:@std/yaml@0.218.2",
      "npm:dallmo-yaml@latest": "npm:dallmo-yaml@2.0.0"
    },
    "jsr": {
      "@std/assert@0.218.2": {
        "integrity": "7f0a5a1a8cf86607cd6c2c030584096e1ffad27fc9271429a8cb48cfbdee5eaf",
        "dependencies": [
          "jsr:@std/fmt@^0.218.2"
        ]
      },
      "@std/fmt@0.218.2": {
        "integrity": "99526449d2505aa758b6cbef81e7dd471d8b28ec0dcb1491d122b284c548788a"
      },
      "@std/yaml@0.218.2": {
        "integrity": "82278eb3ce7491e2c3280d926973a8c3f71d25dd3f187c133b33f5c83ea17a5a"
      }
    },
    "npm": {
      "argparse@2.0.1": {
        "integrity": "sha512-8+9WqebbFzpX9OR+Wa6O29asIogeRMzcGtAINdpMHHyAg10f05aSFVBbcEqGf/PXw1EjAZ+q2/bEBg3DvurK3Q==",
        "dependencies": {}
      },
      "dallmo-yaml@2.0.0": {
        "integrity": "sha512-B0VM9ZAtK4IiuvIvvZnhneirA/fdBDR6Av1DWoZwEEbmxRv1W4o/hZKeK2+V0WnSS0v2uxV2W6V8RsW9NTMbrg==",
        "dependencies": {
          "fs": "fs@0.0.1-security",
          "js-yaml": "js-yaml@4.1.0"
        }
      },
      "fs@0.0.1-security": {
        "integrity": "sha512-3XY9e1pP0CVEUCdj5BmfIZxRBTSDycnbqhIOGec9QYtmVH2fbLpj86CFWkrNOkt/Fvty4KZG5lTglL9j/gJ87w==",
        "dependencies": {}
      },
      "js-yaml@4.1.0": {
        "integrity": "sha512-wpxZs9NoxZaJESJGIZTyDEaYpl0FKSA+FB9aJiyemKhMwkxQg63h4T1KJgUGHpTqPDNRcmmYLugrRjJlBtWvRA==",
        "dependencies": {
          "argparse": "argparse@2.0.1"
        }
      }
    }
  },
  "redirects": {
    "https://deno.land/std/assert/mod.ts": "https://deno.land/std@0.212.0/assert/mod.ts",
    "https://deno.land/std/yaml/mod.ts": "https://deno.land/std@0.212.0/yaml/mod.ts",
    "https://deno.land/x/dallmo_util_yaml/mod.ts": "https://deno.land/x/dallmo_util_yaml@v1.3.0/mod.ts",
    "https://deno.land/x/js_yaml_port/js-yaml.js": "https://deno.land/x/js_yaml_port@3.14.0/js-yaml.js",
    "https://deno.land/x/yaml_loader/mod.ts": "https://deno.land/x/yaml_loader@v0.1.0/mod.ts"
  },
  "remote": {
    "https://deno.land/std@0.201.0/assert/assert.ts": "9a97dad6d98c238938e7540736b826440ad8c1c1e54430ca4c4e623e585607ee",
    "https://deno.land/std@0.201.0/assert/assertion_error.ts": "4d0bde9b374dfbcbe8ac23f54f567b77024fb67dbb1906a852d67fe050d42f56",
    "https://deno.land/std@0.201.0/bytes/concat.ts": "d26d6f3d7922e6d663dacfcd357563b7bf4a380ce5b9c2bbe0c8586662f25ce2",
    "https://deno.land/std@0.201.0/bytes/copy.ts": "939d89e302a9761dcf1d9c937c7711174ed74c59eef40a1e4569a05c9de88219",
    "https://deno.land/std@0.201.0/io/buf_reader.ts": "0bd8ad26255945b5f418940db23db03bee0c160dbb5ae4627e2c0be3b361df6a",
    "https://deno.land/std@0.201.0/io/read_lines.ts": "c526c12a20a9386dc910d500f9cdea43cba974e853397790bd146817a7eef8cc",
    "https://deno.land/std@0.201.0/path/_basename.ts": "057d420c9049821f983f784fd87fa73ac471901fb628920b67972b0f44319343",
    "https://deno.land/std@0.201.0/path/_constants.ts": "e49961f6f4f48039c0dfed3c3f93e963ca3d92791c9d478ac5b43183413136e0",
    "https://deno.land/std@0.201.0/path/_dirname.ts": "355e297236b2218600aee7a5301b937204c62e12da9db4b0b044993d9e658395",
    "https://deno.land/std@0.201.0/path/_extname.ts": "eaaa5aae1acf1f03254d681bd6a8ce42a9cb5b7ff2213a9d4740e8ab31283664",
    "https://deno.land/std@0.201.0/path/_format.ts": "4a99270d6810f082e614309164fad75d6f1a483b68eed97c830a506cc589f8b4",
    "https://deno.land/std@0.201.0/path/_from_file_url.ts": "6eadfae2e6f63ad9ee46b26db4a1b16583055c0392acedfb50ed2fc694b6f581",
    "https://deno.land/std@0.201.0/path/_interface.ts": "6471159dfbbc357e03882c2266d21ef9afdb1e4aa771b0545e90db58a0ba314b",
    "https://deno.land/std@0.201.0/path/_is_absolute.ts": "05dac10b5e93c63198b92e3687baa2be178df5321c527dc555266c0f4f51558c",
    "https://deno.land/std@0.201.0/path/_join.ts": "815f5e85b042285175b1492dd5781240ce126c23bd97bad6b8211fe7129c538e",
    "https://deno.land/std@0.201.0/path/_normalize.ts": "a19ec8706b2707f9dd974662a5cd89fad438e62ab1857e08b314a8eb49a34d81",
    "https://deno.land/std@0.201.0/path/_os.ts": "d932f56d41e4f6a6093d56044e29ce637f8dcc43c5a90af43504a889cf1775e3",
    "https://deno.land/std@0.201.0/path/_parse.ts": "0f9b0ff43682dd9964eb1c4398610c4e165d8db9d3ac9d594220217adf480cfa",
    "https://deno.land/std@0.201.0/path/_relative.ts": "27bdeffb5311a47d85be26d37ad1969979359f7636c5cd9fcf05dcd0d5099dc5",
    "https://deno.land/std@0.201.0/path/_resolve.ts": "7a3616f1093735ed327e758313b79c3c04ea921808ca5f19ddf240cb68d0adf6",
    "https://deno.land/std@0.201.0/path/_to_file_url.ts": "a141e4a525303e1a3a0c0571fd024552b5f3553a2af7d75d1ff3a503dcbb66d8",
    "https://deno.land/std@0.201.0/path/_to_namespaced_path.ts": "0d5f4caa2ed98ef7a8786286df6af804b50e38859ae897b5b5b4c8c5930a75c8",
    "https://deno.land/std@0.201.0/path/_util.ts": "4e191b1bac6b3bf0c31aab42e5ca2e01a86ab5a0d2e08b75acf8585047a86221",
    "https://deno.land/std@0.201.0/path/basename.ts": "bdfa5a624c6a45564dc6758ef2077f2822978a6dbe77b0a3514f7d1f81362930",
    "https://deno.land/std@0.201.0/path/common.ts": "ee7505ab01fd22de3963b64e46cff31f40de34f9f8de1fff6a1bd2fe79380000",
    "https://deno.land/std@0.201.0/path/dirname.ts": "b6533f4ee4174a526dec50c279534df5345836dfdc15318400b08c62a62a39dd",
    "https://deno.land/std@0.201.0/path/extname.ts": "62c4b376300795342fe1e4746c0de518b4dc9c4b0b4617bfee62a2973a9555cf",
    "https://deno.land/std@0.201.0/path/format.ts": "110270b238514dd68455a4c54956215a1aff7e37e22e4427b7771cefe1920aa5",
    "https://deno.land/std@0.201.0/path/from_file_url.ts": "9f5cb58d58be14c775ec2e57fc70029ac8b17ed3bd7fe93e475b07280adde0ac",
    "https://deno.land/std@0.201.0/path/glob.ts": "593e2c3573883225c25c5a21aaa8e9382a696b8e175ea20a3b6a1471ad17aaed",
    "https://deno.land/std@0.201.0/path/is_absolute.ts": "0b92eb35a0a8780e9f16f16bb23655b67dace6a8e0d92d42039e518ee38103c1",
    "https://deno.land/std@0.201.0/path/join.ts": "31c5419f23d91655b08ec7aec403f4e4cd1a63d39e28f6e42642ea207c2734f8",
    "https://deno.land/std@0.201.0/path/mod.ts": "6e1efb0b13121463aedb53ea51dabf5639a3172ab58c89900bbb72b486872532",
    "https://deno.land/std@0.201.0/path/normalize.ts": "6ea523e0040979dd7ae2f1be5bf2083941881a252554c0f32566a18b03021955",
    "https://deno.land/std@0.201.0/path/parse.ts": "be8de342bb9e1924d78dc4d93c45215c152db7bf738ec32475560424b119b394",
    "https://deno.land/std@0.201.0/path/posix.ts": "0a1c1952d132323a88736d03e92bd236f3ed5f9f079e5823fae07c8d978ee61b",
    "https://deno.land/std@0.201.0/path/relative.ts": "8bedac226afd360afc45d451a6c29fabceaf32978526bcb38e0c852661f66c61",
    "https://deno.land/std@0.201.0/path/resolve.ts": "133161e4949fc97f9ca67988d51376b0f5eef8968a6372325ab84d39d30b80dc",
    "https://deno.land/std@0.201.0/path/separator.ts": "40a3e9a4ad10bef23bc2cd6c610291b6c502a06237c2c4cd034a15ca78dedc1f",
    "https://deno.land/std@0.201.0/path/to_file_url.ts": "00e6322373dd51ad109956b775e4e72e5f9fa68ce2c6b04e4af2a6eed3825d31",
    "https://deno.land/std@0.201.0/path/to_namespaced_path.ts": "1b1db3055c343ab389901adfbda34e82b7386bcd1c744d54f9c1496ee0fd0c3d",
    "https://deno.land/std@0.201.0/path/win32.ts": "8b3f80ef7a462511d5e8020ff490edcaa0a0d118f1b1e9da50e2916bdd73f9dd",
    "https://deno.land/std@0.201.0/yaml/_dumper/dumper.ts": "717403d0e700de783f2ef5c906b3d7245383e1509fc050e7ff5d4a53a03dbf40",
    "https://deno.land/std@0.201.0/yaml/_dumper/dumper_state.ts": "f0d0673ceea288334061ca34b63954c2bb5feb5bf6de5e4cfe9a942cdf6e5efe",
    "https://deno.land/std@0.201.0/yaml/_error.ts": "b59e2c76ce5a47b1b9fa0ff9f96c1dd92ea1e1b17ce4347ece5944a95c3c1a84",
    "https://deno.land/std@0.201.0/yaml/_loader/loader.ts": "63ec7f0a265dbbabc54b25a4beefff7650e205160a2d75c7d8f8363b5f84851a",
    "https://deno.land/std@0.201.0/yaml/_loader/loader_state.ts": "0841870b467169269d7c2dfa75cd288c319bc06f65edd9e42c29e5fced91c7a4",
    "https://deno.land/std@0.201.0/yaml/_mark.ts": "dcd8585dee585e024475e9f3fe27d29740670fb64ebb970388094cad0fc11d5d",
    "https://deno.land/std@0.201.0/yaml/_state.ts": "ef03d55ec235d48dcfbecc0ab3ade90bfae69a61094846e08003421c2cf5cfc6",
    "https://deno.land/std@0.201.0/yaml/_type/binary.ts": "24d49614463a7339a8a16d894919c2ec18a10588ae360ec352093b60e2cc8b0d",
    "https://deno.land/std@0.201.0/yaml/_type/bool.ts": "5bfa75da84343d45347b521ba4e5aeace9fe6f53447405290d53315a3fc20e66",
    "https://deno.land/std@0.201.0/yaml/_type/float.ts": "056bd3cb9c5586238b20517511014fb24b0e36f98f9f6073e12da308b6b9808a",
    "https://deno.land/std@0.201.0/yaml/_type/function.ts": "ff574fe84a750695302864e1c31b93f12d14ada4bde79a5f93197fc33ad17471",
    "https://deno.land/std@0.201.0/yaml/_type/int.ts": "563ad074f0fa7aecf6b6c3d84135bcc95a8269dcc15de878de20ce868fd773fa",
    "https://deno.land/std@0.201.0/yaml/_type/map.ts": "7b105e4ab03a361c61e7e335a0baf4d40f06460b13920e5af3fb2783a1464000",
    "https://deno.land/std@0.201.0/yaml/_type/merge.ts": "8192bf3e4d637f32567917f48bb276043da9cf729cf594e5ec191f7cd229337e",
    "https://deno.land/std@0.201.0/yaml/_type/mod.ts": "060e2b3d38725094b77ea3a3f05fc7e671fced8e67ca18e525be98c4aa8f4bbb",
    "https://deno.land/std@0.201.0/yaml/_type/nil.ts": "606e8f0c44d73117c81abec822f89ef81e40f712258c74f186baa1af659b8887",
    "https://deno.land/std@0.201.0/yaml/_type/omap.ts": "cfe59a294726f5cea705c39a61fd2b08199cf48f4ccd6b040cb550ec0f38d0a1",
    "https://deno.land/std@0.201.0/yaml/_type/pairs.ts": "0032fdfe57558d21696a4f8cf5b5cfd1f698743177080affc18629685c905666",
    "https://deno.land/std@0.201.0/yaml/_type/regexp.ts": "1ce118de15b2da43b4bd8e4395f42d448b731acf3bdaf7c888f40789f9a95f8b",
    "https://deno.land/std@0.201.0/yaml/_type/seq.ts": "95333abeec8a7e4d967b8c8328b269e342a4bbdd2585395549b9c4f58c8533a2",
    "https://deno.land/std@0.201.0/yaml/_type/set.ts": "f28ba44e632ef2a6eb580486fd47a460445eeddbdf1dbc739c3e62486f566092",
    "https://deno.land/std@0.201.0/yaml/_type/str.ts": "a67a3c6e429d95041399e964015511779b1130ea5889fa257c48457bd3446e31",
    "https://deno.land/std@0.201.0/yaml/_type/timestamp.ts": "706ea80a76a73e48efaeb400ace087da1f927647b53ad6f754f4e06d51af087f",
    "https://deno.land/std@0.201.0/yaml/_type/undefined.ts": "94a316ca450597ccbc6750cbd79097ad0d5f3a019797eed3c841a040c29540ba",
    "https://deno.land/std@0.201.0/yaml/_utils.ts": "26b311f0d42a7ce025060bd6320a68b50e52fd24a839581eb31734cd48e20393",
    "https://deno.land/std@0.201.0/yaml/mod.ts": "28ecda6652f3e7a7735ee29c247bfbd32a2e2fc5724068e9fd173ec4e59f66f7",
    "https://deno.land/std@0.201.0/yaml/parse.ts": "1fbbda572bf3fff578b6482c0d8b85097a38de3176bf3ab2ca70c25fb0c960ef",
    "https://deno.land/std@0.201.0/yaml/schema.ts": "96908b78dc50c340074b93fc1598d5e7e2fe59103f89ff81e5a49b2dedf77a67",
    "https://deno.land/std@0.201.0/yaml/schema/core.ts": "fa406f18ceedc87a50e28bb90ec7a4c09eebb337f94ef17468349794fa828639",
    "https://deno.land/std@0.201.0/yaml/schema/default.ts": "0047e80ae8a4a93293bc4c557ae8a546aabd46bb7165b9d9b940d57b4d88bde9",
    "https://deno.land/std@0.201.0/yaml/schema/extended.ts": "0784416bf062d20a1626b53c03380e265b3e39b9409afb9f4cb7d659fd71e60d",
    "https://deno.land/std@0.201.0/yaml/schema/failsafe.ts": "d219ab5febc43f770917d8ec37735a4b1ad671149846cbdcade767832b42b92b",
    "https://deno.land/std@0.201.0/yaml/schema/json.ts": "5f41dd7c2f1ad545ef6238633ce9ee3d444dfc5a18101e1768bd5504bf90e5e5",
    "https://deno.land/std@0.201.0/yaml/schema/mod.ts": "4472e827bab5025e92bc2eb2eeefa70ecbefc64b2799b765c69af84822efef32",
    "https://deno.land/std@0.201.0/yaml/stringify.ts": "fffc09c65c68d3d63f8159e8cbaa3f489bc20a8e55b4fbb61a8c2e9f914d1d02",
    "https://deno.land/std@0.201.0/yaml/type.ts": "1aabb8e0a3f4229ce0a3526256f68826d9bdf65a36c8a3890ead8011fcba7670",
    "https://deno.land/std@0.212.0/assert/_constants.ts": "a271e8ef5a573f1df8e822a6eb9d09df064ad66a4390f21b3e31f820a38e0975",
    "https://deno.land/std@0.212.0/assert/_diff.ts": "dcc63d94ca289aec80644030cf88ccbf7acaa6fbd7b0f22add93616b36593840",
    "https://deno.land/std@0.212.0/assert/_format.ts": "0ba808961bf678437fb486b56405b6fefad2cf87b5809667c781ddee8c32aff4",
    "https://deno.land/std@0.212.0/assert/assert.ts": "bec068b2fccdd434c138a555b19a2c2393b71dfaada02b7d568a01541e67cdc5",
    "https://deno.land/std@0.212.0/assert/assert_almost_equals.ts": "8b96b7385cc117668b0720115eb6ee73d04c9bcb2f5d2344d674918c9113688f",
    "https://deno.land/std@0.212.0/assert/assert_array_includes.ts": "1688d76317fd45b7e93ef9e2765f112fdf2b7c9821016cdfb380b9445374aed1",
    "https://deno.land/std@0.212.0/assert/assert_equals.ts": "4497c56fe7d2993b0d447926702802fc0becb44e319079e8eca39b482ee01b4e",
    "https://deno.land/std@0.212.0/assert/assert_exists.ts": "24a7bf965e634f909242cd09fbaf38bde6b791128ece08e33ab08586a7cc55c9",
    "https://deno.land/std@0.212.0/assert/assert_false.ts": "6f382568e5128c0f855e5f7dbda8624c1ed9af4fcc33ef4a9afeeedcdce99769",
    "https://deno.land/std@0.212.0/assert/assert_greater.ts": "4945cf5729f1a38874d7e589e0fe5cc5cd5abe5573ca2ddca9d3791aa891856c",
    "https://deno.land/std@0.212.0/assert/assert_greater_or_equal.ts": "573ed8823283b8d94b7443eb69a849a3c369a8eb9666b2d1db50c33763a5d219",
    "https://deno.land/std@0.212.0/assert/assert_instance_of.ts": "72dc1faff1e248692d873c89382fa1579dd7b53b56d52f37f9874a75b11ba444",
    "https://deno.land/std@0.212.0/assert/assert_is_error.ts": "6596f2b5ba89ba2fe9b074f75e9318cda97a2381e59d476812e30077fbdb6ed2",
    "https://deno.land/std@0.212.0/assert/assert_less.ts": "2b4b3fe7910f65f7be52212f19c3977ecb8ba5b2d6d0a296c83cde42920bb005",
    "https://deno.land/std@0.212.0/assert/assert_less_or_equal.ts": "b93d212fe669fbde959e35b3437ac9a4468f2e6b77377e7b6ea2cfdd825d38a0",
    "https://deno.land/std@0.212.0/assert/assert_match.ts": "ec2d9680ed3e7b9746ec57ec923a17eef6d476202f339ad91d22277d7f1d16e1",
    "https://deno.land/std@0.212.0/assert/assert_not_equals.ts": "f3edda73043bc2c9fae6cbfaa957d5c69bbe76f5291a5b0466ed132c8789df4c",
    "https://deno.land/std@0.212.0/assert/assert_not_instance_of.ts": "8f720d92d83775c40b2542a8d76c60c2d4aeddaf8713c8d11df8984af2604931",
    "https://deno.land/std@0.212.0/assert/assert_not_match.ts": "b4b7c77f146963e2b673c1ce4846473703409eb93f5ab0eb60f6e6f8aeffe39f",
    "https://deno.land/std@0.212.0/assert/assert_not_strict_equals.ts": "da0b8ab60a45d5a9371088378e5313f624799470c3b54c76e8b8abeec40a77be",
    "https://deno.land/std@0.212.0/assert/assert_object_match.ts": "e85e5eef62a56ce364c3afdd27978ccab979288a3e772e6855c270a7b118fa49",
    "https://deno.land/std@0.212.0/assert/assert_rejects.ts": "e9e0c8d9c3e164c7ac962c37b3be50577c5a2010db107ed272c4c1afb1269f54",
    "https://deno.land/std@0.212.0/assert/assert_strict_equals.ts": "0425a98f70badccb151644c902384c12771a93e65f8ff610244b8147b03a2366",
    "https://deno.land/std@0.212.0/assert/assert_string_includes.ts": "dfb072a890167146f8e5bdd6fde887ce4657098e9f71f12716ef37f35fb6f4a7",
    "https://deno.land/std@0.212.0/assert/assert_throws.ts": "edddd86b39606c342164b49ad88dd39a26e72a26655e07545d172f164b617fa7",
    "https://deno.land/std@0.212.0/assert/assertion_error.ts": "9f689a101ee586c4ce92f52fa7ddd362e86434ffdf1f848e45987dc7689976b8",
    "https://deno.land/std@0.212.0/assert/equal.ts": "fae5e8a52a11d3ac694bbe1a53e13a7969e3f60791262312e91a3e741ae519e2",
    "https://deno.land/std@0.212.0/assert/fail.ts": "f310e51992bac8e54f5fd8e44d098638434b2edb802383690e0d7a9be1979f1c",
    "https://deno.land/std@0.212.0/assert/mod.ts": "325df8c0683ad83a873b9691aa66b812d6275fc9fec0b2d180ac68a2c5efed3b",
    "https://deno.land/std@0.212.0/assert/unimplemented.ts": "47ca67d1c6dc53abd0bd729b71a31e0825fc452dbcd4fde4ca06789d5644e7fd",
    "https://deno.land/std@0.212.0/assert/unreachable.ts": "38cfecb95d8b06906022d2f9474794fca4161a994f83354fd079cac9032b5145",
    "https://deno.land/std@0.212.0/fmt/colors.ts": "71e2d7d9911cf3f4f8cceaabe588fd9a4c0228102f4233da62ffd3e421201de7",
    "https://deno.land/std@0.212.0/yaml/_dumper/dumper.ts": "4b99e84f2827da0e88684527baa87e52f2bb7dcead365204877ab90b902afe7a",
    "https://deno.land/std@0.212.0/yaml/_dumper/dumper_state.ts": "ea262b459dc891c4828a0f814841abfe12d160d319c4b57eb11ed0c768cfcb6b",
    "https://deno.land/std@0.212.0/yaml/_error.ts": "f38cdebdb69cde16903d9aa2f3b8a3dd9d13e5f7f3570bf662bfaca69fef669e",
    "https://deno.land/std@0.212.0/yaml/_loader/loader.ts": "7155bbcdefd49812f9b38307ce14b22209cda4db9b4b71e67c6aa655facc31da",
    "https://deno.land/std@0.212.0/yaml/_loader/loader_state.ts": "ee216de6040551940b85473c3185fdb7a6f3030b77153f87a6b7f63f82e489ea",
    "https://deno.land/std@0.212.0/yaml/_mark.ts": "1d9d071f8c62d19f284ca4a5aae41680e67653a06a2a4b0eccf931fc5719afa1",
    "https://deno.land/std@0.212.0/yaml/_state.ts": "f3b1c1fd11860302f1f33e35e9ce089bf069d4943e8d67516cd6bedbba058c13",
    "https://deno.land/std@0.212.0/yaml/_type/binary.ts": "26216e8f306e62401ba00e306e93cdd5fb88da361cdaa567e63ee216dc3ebf93",
    "https://deno.land/std@0.212.0/yaml/_type/bool.ts": "121743b23ba82a27ad6a3ec6298c7f5b0908f90e52707f8644a91f7ad51ed2ef",
    "https://deno.land/std@0.212.0/yaml/_type/float.ts": "0715349f2159746e2ef9d1d84b90aeb00a123caaa8f5b74cd3c95000743e8174",
    "https://deno.land/std@0.212.0/yaml/_type/function.ts": "bbf705058942bf3370604b37eb77a10aadd72f986c237c9f69b43378a42202c1",
    "https://deno.land/std@0.212.0/yaml/_type/int.ts": "0f595280172b6b39229713a4f8808ca78e6f99da9bc3e5c53135c50ed0a7e83d",
    "https://deno.land/std@0.212.0/yaml/_type/map.ts": "ae2acb1cb837fb8e96c75c98611cfd45af847d0114ab5336333c318e7d4b12f4",
    "https://deno.land/std@0.212.0/yaml/_type/merge.ts": "ad0d971f91d2fb9f4ab3eba0c837eae357b1804d6b798adc99dc917bc5306b11",
    "https://deno.land/std@0.212.0/yaml/_type/mod.ts": "e8929d7b1c969a74f76338d4eb380ef8c4a26cd6441117d521f076b766e9c265",
    "https://deno.land/std@0.212.0/yaml/_type/nil.ts": "cbe4387d02d5933322c21b25d8955c5e6228c492e391a6fb82dcf4f498cc421c",
    "https://deno.land/std@0.212.0/yaml/_type/omap.ts": "cda915105ab22ba9e1d6317adacee8eec2d8ddaf864cc2f814e3e476946e72c6",
    "https://deno.land/std@0.212.0/yaml/_type/pairs.ts": "f97d7dc2b3fa18e246763f44147f6df0d6036c7e122af3e7b6692e4a6b0e289f",
    "https://deno.land/std@0.212.0/yaml/_type/regexp.ts": "e49eb9e1c9356fd142bc15f7f323820d411fcc537b5ba3896df9a8b812d270a4",
    "https://deno.land/std@0.212.0/yaml/_type/seq.ts": "2deffc7f970869bc01a1541b4961d076329a1c2b30b95e07918f3132db7c3fe2",
    "https://deno.land/std@0.212.0/yaml/_type/set.ts": "be8a9e7237a7ffc92dfbe7f5e552d84b7eeba60f3f73cc77fc3c59d3506c74ea",
    "https://deno.land/std@0.212.0/yaml/_type/str.ts": "88f0a1ba12295520cd57e96cd78d53aa0787d53c7a1c506155f418c496c2f550",
    "https://deno.land/std@0.212.0/yaml/_type/timestamp.ts": "57a6bb4a0f0bd5eab85a1f0ee5ac8820fd3125ea939dc8a037de997a2b6ad05d",
    "https://deno.land/std@0.212.0/yaml/_type/undefined.ts": "9d215953c65740f1764e0bdca021007573473f0c49e087f00d9ff02817ecfc97",
    "https://deno.land/std@0.212.0/yaml/_utils.ts": "91bbe28b5e7000b9594e40ff5353f8fe7a7ba914eec917e1202cbaf5ac931c58",
    "https://deno.land/std@0.212.0/yaml/mod.ts": "e28c8232e50e5793c4b5635c4752aef02dcb60e0bcee2a03dc5fc963c14808e7",
    "https://deno.land/std@0.212.0/yaml/parse.ts": "d9aff5bbd280c32f2e37d3d3ea3e8cc8f1e20026727550abb42b24b9ada1d686",
    "https://deno.land/std@0.212.0/yaml/schema.ts": "dae089ffa1ac4a2b031176aa019e126be6f7230a3011de38463ead8639b14739",
    "https://deno.land/std@0.212.0/yaml/schema/core.ts": "1222f9401e2a0c1d38e63d753da98be333e61a6032335e9c46a68bd45ecce85a",
    "https://deno.land/std@0.212.0/yaml/schema/default.ts": "b77c71cfd453951dd828e5f2f02f9f37335c9c0a49c8051d1a9653fa82357740",
    "https://deno.land/std@0.212.0/yaml/schema/extended.ts": "996da59626409047b5c1a2d68bdbeead43914cedede47c5923e80ae4febe7d24",
    "https://deno.land/std@0.212.0/yaml/schema/failsafe.ts": "24b2b630cef6fcce7de6d29db651523b0f49e5691d690931c42ecf4823837fdb",
    "https://deno.land/std@0.212.0/yaml/schema/json.ts": "0fb9268282d266c24d963e75ef77f51accbbb74f40713a99e83ad621a81bc9ae",
    "https://deno.land/std@0.212.0/yaml/schema/mod.ts": "9bf7ff80c2a246f781bdcab979211d0389760831a974cf5883bf2016567e3507",
    "https://deno.land/std@0.212.0/yaml/stringify.ts": "580f8b2fa56e3233424520d8242f4fc0edf41ac54a6a6d2f6f8e0b6e99cd63c0",
    "https://deno.land/std@0.212.0/yaml/type.ts": "708dde5f20b01cc1096489b7155b6af79a217d585afb841128e78c3c2391eb5c",
    "https://deno.land/std@0.63.0/encoding/_yaml/dumper/dumper.ts": "bbba05d5512a86822019c5aee0409f54acb9e8dfea6c315d6436b06fdb930322",
    "https://deno.land/std@0.63.0/encoding/_yaml/dumper/dumper_state.ts": "845517613527218e8cd3de7289123bb6ff3dcfc59ace1e0ee8cf2363f886352e",
    "https://deno.land/std@0.63.0/encoding/_yaml/error.ts": "5a4ce54c2dbf51c9c61c3f7b7326d28d390cfa31dc032b230f2150b0bc5473c4",
    "https://deno.land/std@0.63.0/encoding/_yaml/loader/loader.ts": "4f84ff75385c021f43847805bc360d7b7ac3abca0bb07489f2f564ab55f4f6fc",
    "https://deno.land/std@0.63.0/encoding/_yaml/loader/loader_state.ts": "989782bee7bed2bac0aea371c9bfd0bf5ec333ec19d0bb5a49d941db646b5243",
    "https://deno.land/std@0.63.0/encoding/_yaml/mark.ts": "881d920ddc87241ab5f7285e0bd4cb2c16c76bae28612a35cc0a1fa14ff18578",
    "https://deno.land/std@0.63.0/encoding/_yaml/parse.ts": "9c688142dfe02e08d48e3da338fa7bafea7c4fc1d0e46f3566dcf6a08ee1815d",
    "https://deno.land/std@0.63.0/encoding/_yaml/schema.ts": "7e50dc4c30824fedc7262c5ccf7e9a1b37708e6f9824abb8269bc8ea2b8a2b36",
    "https://deno.land/std@0.63.0/encoding/_yaml/schema/core.ts": "d29ca6499a0ca37d814a5d09040c5e4865ddd0d949a5e77806dc8429cb098a29",
    "https://deno.land/std@0.63.0/encoding/_yaml/schema/default.ts": "ea0b1da3efd16c9356cd86e5cf7a5a75473cca7d8ab96659ae5e4066561f5cd9",
    "https://deno.land/std@0.63.0/encoding/_yaml/schema/failsafe.ts": "2c96de9a5b2f42233c387e352c406091f84ebf1771bf9a4912fc09ed2dfbfc15",
    "https://deno.land/std@0.63.0/encoding/_yaml/schema/json.ts": "e1b18a1297b4a68d44ea812f03a343753acfa724df75d6100e0400c09421eaf0",
    "https://deno.land/std@0.63.0/encoding/_yaml/schema/mod.ts": "976a2cd8f9590f12c098713b871d3122c082c8218d6cdc3963c262a6a255a3a4",
    "https://deno.land/std@0.63.0/encoding/_yaml/state.ts": "7e2c0f513b06aafc3c6749fa0f5f90c70e8bea7c32e45dd8984390d1f6a6a0d7",
    "https://deno.land/std@0.63.0/encoding/_yaml/stringify.ts": "3e32c3171d40c7dd6f82a2dd7e3502362b4d9643dd3a9aa8b67a24a0118fadfd",
    "https://deno.land/std@0.63.0/encoding/_yaml/type.ts": "cd7636eb7ccaa6f16471a21f505495afd78552a924fc7f0f85e94f7ca2fe76cb",
    "https://deno.land/std@0.63.0/encoding/_yaml/type/binary.ts": "c623dcfe99070cb6b706c57babd1cb5f9a5ba39ef1f7665d2008468cd9253586",
    "https://deno.land/std@0.63.0/encoding/_yaml/type/bool.ts": "d29a7ec151f23ba60d81fbff653f7dfab8db10830811805390f2de1bf08ecea4",
    "https://deno.land/std@0.63.0/encoding/_yaml/type/float.ts": "53d173264d108e003a68f015bc315bee3bb3cb499588cbb585ad759929961e49",
    "https://deno.land/std@0.63.0/encoding/_yaml/type/int.ts": "8e8a1c1188584683366d674c5d5483acbd3631feb2fc53cbfbd9dcb30c0c40eb",
    "https://deno.land/std@0.63.0/encoding/_yaml/type/map.ts": "9c2cd7acd9211faa25083cee61e703acd74778151fc1fface8dc8b93f8ba41fa",
    "https://deno.land/std@0.63.0/encoding/_yaml/type/merge.ts": "4f255e7f007fe2da1dba131b296c53e039c0b0e04540e977cbac3730bbb8c052",
    "https://deno.land/std@0.63.0/encoding/_yaml/type/mod.ts": "1086644fb36cabd2dac739b06ca7aa49f21fce951efc5ee5702c8a7626c7e6d1",
    "https://deno.land/std@0.63.0/encoding/_yaml/type/nil.ts": "ff4bd60b83b5989e82664584041fb9cdce85b31fa6e0cdc8a8dc5b25a4be3650",
    "https://deno.land/std@0.63.0/encoding/_yaml/type/omap.ts": "8ec79eda0af93f9208f38aa6834384ebf8f38d2c544f265bd58b498789493de9",
    "https://deno.land/std@0.63.0/encoding/_yaml/type/pairs.ts": "6558daa5791624779ecda21715cfc9869b74d7e081ae34f3b8a8c90738412afa",
    "https://deno.land/std@0.63.0/encoding/_yaml/type/seq.ts": "4721c571a08a1e05086d092047c0717b86dac34b8acdcdb54acb0f2839493b67",
    "https://deno.land/std@0.63.0/encoding/_yaml/type/set.ts": "7cbdee3ebaaff175a587219b7485822bae31a393520498bb3e8086f9ad67a0dc",
    "https://deno.land/std@0.63.0/encoding/_yaml/type/str.ts": "283ab0937dd6c1d990de8b2f502f18f69ff63a8fdc58c6999f26513a4f74fe3c",
    "https://deno.land/std@0.63.0/encoding/_yaml/type/timestamp.ts": "81dcce9119a26db94339c11ade6a9e93cd00b5d26d902691a3902841c68f475f",
    "https://deno.land/std@0.63.0/encoding/_yaml/utils.ts": "8361a1f394c3e2f166b4b860e386ace36ff2519ad073a63bb3873e63a7841ab3",
    "https://deno.land/std@0.63.0/encoding/yaml.ts": "f60f56addab7cffa465e0f35fb2b5296158bd952aa50cb8b22aa446861ce093b",
    "https://deno.land/x/dallmo_util_yaml@v1.3.0/app.ts": "92e5007a6c983dc966e9088fa08120bd2c1052b1f0666a048d91ec0dc785d500",
    "https://deno.land/x/dallmo_util_yaml@v1.3.0/etc/deps.ts": "3762436445d4e621e4e7d97d9f27197e41a0571a55cbb63bb50135f4e0cd3033",
    "https://deno.land/x/dallmo_util_yaml@v1.3.0/mod.ts": "2b523954750bfb2439c6ff5a175e3878d907f45fef19c040b4fa8de47fdb792f",
    "https://deno.land/x/js_yaml_port@3.14.0/js-yaml.js": "3f222617f23e90c2d096e235cad954dc0825dee54f65652ee9dc8158ab086022",
    "https://deno.land/x/js_yaml_port@3.14.0/js-yaml.min.js": "f26b434e29dbf3e7766c2ffd2a1089a0244113295650857fdd812de5c494bd19",
    "https://deno.land/x/yaml_loader@v0.1.0/mod.ts": "3d17e2a18aa78eec71a145f72e9c17bf6d3ca27da6ff59cd6499e74794640b86",
    "https://deno.land/x/yaml_loader@v0.1.0/yaml_loader.ts": "66501a8ae8d0082a802251bcfb998b3b5f7d299ec094e668721f4e19e9f80938"
  },
  "workspace": {
    "dependencies": [
      "jsr:@std/assert@^0.218.2",
      "jsr:@std/yaml@^0.218.2"
    ]
  }
}
